
Microsoft Visual Studio Solution File, Format Version 12.00
# Visual Studio Version 17
VisualStudioVersion = 17.0.32014.148
MinimumVisualStudioVersion = 10.0.40219.1
Project("{FAE04EC0-301F-11D3-BF4B-00C04F79EFBC}") = "StateDesignPattern.ClassicImplementation", "StateDesignPattern.ClassicImplementation\StateDesignPattern.ClassicImplementation.csproj", "{9F4203D2-C1BA-4526-B3BB-D92F7FAC6399}"
EndProject
Global
	GlobalSection(SolutionConfigurationPlatforms) = preSolution
		Debug|Any CPU = Debug|Any CPU
		Release|Any CPU = Release|Any CPU
	EndGlobalSection
	GlobalSection(ProjectConfigurationPlatforms) = postSolution
		{9F4203D2-C1BA-4526-B3BB-D92F7FAC6399}.Debug|Any CPU.ActiveCfg = Debug|Any CPU
		{9F4203D2-C1BA-4526-B3BB-D92F7FAC6399}.Debug|Any CPU.Build.0 = Debug|Any CPU
		{9F4203D2-C1BA-4526-B3BB-D92F7FAC6399}.Release|Any CPU.ActiveCfg = Release|Any CPU
		{9F4203D2-C1BA-4526-B3BB-D92F7FAC6399}.Release|Any CPU.Build.0 = Release|Any CPU
	EndGlobalSection
	GlobalSection(SolutionProperties) = preSolution
		HideSolutionNode = FALSE
	EndGlobalSection
	GlobalSection(ExtensibilityGlobals) = postSolution
		SolutionGuid = {B446BBD6-277C-4785-A12D-113F032C7059}
	EndGlobalSection
EndGlobal
